
Microsoft Visual Studio Solution File, Format Version 12.00
# Visual Studio Version 16
VisualStudioVersion = 25.0.1705.4
MinimumVisualStudioVersion = 10.0.40219.1
Project("{2150E333-8FDC-42A3-9474-1A3956D46DE8}") = "Microservices", "Microservices", "{4A1C184C-A199-4625-8A7C-22F794E5AADA}"
EndProject
Project("{2150E333-8FDC-42A3-9474-1A3956D46DE8}") = "Play.Catalog", "Play.Catalog", "{908504C7-27FB-4399-9011-1647118A5B08}"
EndProject
Project("{2150E333-8FDC-42A3-9474-1A3956D46DE8}") = "src", "src", "{09E5A565-A247-4740-B34B-5F6B0278F996}"
EndProject
Project("{FAE04EC0-301F-11D3-BF4B-00C04F79EFBC}") = "Play.Catalog.Domain", "Microservices\Play.Catalog\src\Play.Catalog.Domain\Play.Catalog.Domain.csproj", "{16F289B6-53A9-4BA2-8147-A3C6C810D7D8}"
EndProject
Project("{FAE04EC0-301F-11D3-BF4B-00C04F79EFBC}") = "Play.Catalog.Aplication", "Microservices\Play.Catalog\src\Play.Catalog.Aplication\Play.Catalog.Aplication.csproj", "{95AF6385-A0AF-4296-9976-AFA7822D5E8E}"
EndProject
Project("{FAE04EC0-301F-11D3-BF4B-00C04F79EFBC}") = "Play.Catalog.Api", "Microservices\Play.Catalog\src\Play.Catalog.Api\Play.Catalog.Api.csproj", "{50813427-B867-48C2-A40B-3C15A3DDA07A}"
EndProject
Project("{FAE04EC0-301F-11D3-BF4B-00C04F79EFBC}") = "Play.Catalog.Persistence", "Microservices\Play.Catalog\src\Play.Catalog.Persistence\Play.Catalog.Persistence.csproj", "{6D806D3C-9DEB-41AD-A67F-1890294F5EF7}"
EndProject
Global
	GlobalSection(SolutionConfigurationPlatforms) = preSolution
		Debug|Any CPU = Debug|Any CPU
		Release|Any CPU = Release|Any CPU
	EndGlobalSection
	GlobalSection(ProjectConfigurationPlatforms) = postSolution
		{16F289B6-53A9-4BA2-8147-A3C6C810D7D8}.Debug|Any CPU.ActiveCfg = Debug|Any CPU
		{16F289B6-53A9-4BA2-8147-A3C6C810D7D8}.Debug|Any CPU.Build.0 = Debug|Any CPU
		{16F289B6-53A9-4BA2-8147-A3C6C810D7D8}.Release|Any CPU.ActiveCfg = Release|Any CPU
		{16F289B6-53A9-4BA2-8147-A3C6C810D7D8}.Release|Any CPU.Build.0 = Release|Any CPU
		{95AF6385-A0AF-4296-9976-AFA7822D5E8E}.Debug|Any CPU.ActiveCfg = Debug|Any CPU
		{95AF6385-A0AF-4296-9976-AFA7822D5E8E}.Debug|Any CPU.Build.0 = Debug|Any CPU
		{95AF6385-A0AF-4296-9976-AFA7822D5E8E}.Release|Any CPU.ActiveCfg = Release|Any CPU
		{95AF6385-A0AF-4296-9976-AFA7822D5E8E}.Release|Any CPU.Build.0 = Release|Any CPU
		{50813427-B867-48C2-A40B-3C15A3DDA07A}.Debug|Any CPU.ActiveCfg = Debug|Any CPU
		{50813427-B867-48C2-A40B-3C15A3DDA07A}.Debug|Any CPU.Build.0 = Debug|Any CPU
		{50813427-B867-48C2-A40B-3C15A3DDA07A}.Release|Any CPU.ActiveCfg = Release|Any CPU
		{50813427-B867-48C2-A40B-3C15A3DDA07A}.Release|Any CPU.Build.0 = Release|Any CPU
		{6D806D3C-9DEB-41AD-A67F-1890294F5EF7}.Debug|Any CPU.ActiveCfg = Debug|Any CPU
		{6D806D3C-9DEB-41AD-A67F-1890294F5EF7}.Debug|Any CPU.Build.0 = Debug|Any CPU
		{6D806D3C-9DEB-41AD-A67F-1890294F5EF7}.Release|Any CPU.ActiveCfg = Release|Any CPU
		{6D806D3C-9DEB-41AD-A67F-1890294F5EF7}.Release|Any CPU.Build.0 = Release|Any CPU
	EndGlobalSection
	GlobalSection(SolutionProperties) = preSolution
		HideSolutionNode = FALSE
	EndGlobalSection
	GlobalSection(ExtensibilityGlobals) = postSolution
		SolutionGuid = {CF4B23DF-524A-420F-AF09-C1DD6E678254}
	EndGlobalSection
	GlobalSection(NestedProjects) = preSolution
		{908504C7-27FB-4399-9011-1647118A5B08} = {4A1C184C-A199-4625-8A7C-22F794E5AADA}
		{09E5A565-A247-4740-B34B-5F6B0278F996} = {908504C7-27FB-4399-9011-1647118A5B08}
		{16F289B6-53A9-4BA2-8147-A3C6C810D7D8} = {09E5A565-A247-4740-B34B-5F6B0278F996}
		{95AF6385-A0AF-4296-9976-AFA7822D5E8E} = {09E5A565-A247-4740-B34B-5F6B0278F996}
		{50813427-B867-48C2-A40B-3C15A3DDA07A} = {09E5A565-A247-4740-B34B-5F6B0278F996}
		{6D806D3C-9DEB-41AD-A67F-1890294F5EF7} = {09E5A565-A247-4740-B34B-5F6B0278F996}
	EndGlobalSection
EndGlobal
