
Microsoft Visual Studio Solution File, Format Version 12.00
# Visual Studio Version 16
VisualStudioVersion = 25.0.1705.4
MinimumVisualStudioVersion = 10.0.40219.1
Project("{2150E333-8FDC-42A3-9474-1A3956D46DE8}") = "Microservices", "Microservices", "{4A1C184C-A199-4625-8A7C-22F794E5AADA}"
EndProject
Project("{2150E333-8FDC-42A3-9474-1A3956D46DE8}") = "Play.Catalog", "Play.Catalog", "{908504C7-27FB-4399-9011-1647118A5B08}"
EndProject
Project("{2150E333-8FDC-42A3-9474-1A3956D46DE8}") = "src", "src", "{09E5A565-A247-4740-B34B-5F6B0278F996}"
EndProject
Project("{FAE04EC0-301F-11D3-BF4B-00C04F79EFBC}") = "Play.Catalog.Api", "Microservices\Play.Catalog\src\Play.Catalog.Api\Play.Catalog.Api.csproj", "{50813427-B867-48C2-A40B-3C15A3DDA07A}"
EndProject
Project("{2150E333-8FDC-42A3-9474-1A3956D46DE8}") = "Play.Common", "Play.Common", "{B4ABA5F9-55D2-4D07-BCF0-6E9F10BAB2AE}"
EndProject
Project("{2150E333-8FDC-42A3-9474-1A3956D46DE8}") = "src", "src", "{11E02FC0-DE9E-495F-9F06-2DA1CEBF8BE6}"
EndProject
Project("{FAE04EC0-301F-11D3-BF4B-00C04F79EFBC}") = "Play.Common", "Microservices\Play.Common\Play.Common.csproj", "{817F16D1-2476-443F-9BE4-F6589A9D3ACE}"
EndProject
Global
	GlobalSection(SolutionConfigurationPlatforms) = preSolution
		Debug|Any CPU = Debug|Any CPU
		Release|Any CPU = Release|Any CPU
	EndGlobalSection
	GlobalSection(ProjectConfigurationPlatforms) = postSolution
		{50813427-B867-48C2-A40B-3C15A3DDA07A}.Debug|Any CPU.ActiveCfg = Debug|Any CPU
		{50813427-B867-48C2-A40B-3C15A3DDA07A}.Debug|Any CPU.Build.0 = Debug|Any CPU
		{50813427-B867-48C2-A40B-3C15A3DDA07A}.Release|Any CPU.ActiveCfg = Release|Any CPU
		{50813427-B867-48C2-A40B-3C15A3DDA07A}.Release|Any CPU.Build.0 = Release|Any CPU
		{817F16D1-2476-443F-9BE4-F6589A9D3ACE}.Debug|Any CPU.ActiveCfg = Debug|Any CPU
		{817F16D1-2476-443F-9BE4-F6589A9D3ACE}.Debug|Any CPU.Build.0 = Debug|Any CPU
		{817F16D1-2476-443F-9BE4-F6589A9D3ACE}.Release|Any CPU.ActiveCfg = Release|Any CPU
		{817F16D1-2476-443F-9BE4-F6589A9D3ACE}.Release|Any CPU.Build.0 = Release|Any CPU
	EndGlobalSection
	GlobalSection(SolutionProperties) = preSolution
		HideSolutionNode = FALSE
	EndGlobalSection
	GlobalSection(ExtensibilityGlobals) = postSolution
		SolutionGuid = {CF4B23DF-524A-420F-AF09-C1DD6E678254}
	EndGlobalSection
	GlobalSection(NestedProjects) = preSolution
		{908504C7-27FB-4399-9011-1647118A5B08} = {4A1C184C-A199-4625-8A7C-22F794E5AADA}
		{09E5A565-A247-4740-B34B-5F6B0278F996} = {908504C7-27FB-4399-9011-1647118A5B08}
		{50813427-B867-48C2-A40B-3C15A3DDA07A} = {09E5A565-A247-4740-B34B-5F6B0278F996}
		{B4ABA5F9-55D2-4D07-BCF0-6E9F10BAB2AE} = {4A1C184C-A199-4625-8A7C-22F794E5AADA}
		{11E02FC0-DE9E-495F-9F06-2DA1CEBF8BE6} = {B4ABA5F9-55D2-4D07-BCF0-6E9F10BAB2AE}
		{817F16D1-2476-443F-9BE4-F6589A9D3ACE} = {11E02FC0-DE9E-495F-9F06-2DA1CEBF8BE6}
	EndGlobalSection
EndGlobal
